// !$*UTF8*$!
{
	archiveVersion = 1;
	classes = {
	};
	objectVersion = 46;
	objects = {

/* Begin PBXBuildFile section */
		57B465C71DBA0EA200A90A1E /* AppDelegate.swift in Sources */ = {isa = PBXBuildFile; fileRef = 57B465C61DBA0EA200A90A1E /* AppDelegate.swift */; };
		57B465C91DBA0EA200A90A1E /* ViewController.swift in Sources */ = {isa = PBXBuildFile; fileRef = 57B465C81DBA0EA200A90A1E /* ViewController.swift */; };
		57B465CC1DBA0EA200A90A1E /* Main.storyboard in Resources */ = {isa = PBXBuildFile; fileRef = 57B465CA1DBA0EA200A90A1E /* Main.storyboard */; };
		57B465CE1DBA0EA200A90A1E /* Assets.xcassets in Resources */ = {isa = PBXBuildFile; fileRef = 57B465CD1DBA0EA200A90A1E /* Assets.xcassets */; };
		57B465D11DBA0EA200A90A1E /* LaunchScreen.storyboard in Resources */ = {isa = PBXBuildFile; fileRef = 57B465CF1DBA0EA200A90A1E /* LaunchScreen.storyboard */; };
/* End PBXBuildFile section */

/* Begin PBXFileReference section */
		57B465C31DBA0EA200A90A1E /* Karting.app */ = {isa = PBXFileReference; explicitFileType = wrapper.application; includeInIndex = 0; path = Karting.app; sourceTree = BUILT_PRODUCTS_DIR; };
		57B465C61DBA0EA200A90A1E /* AppDelegate.swift */ = {isa = PBXFileReference; lastKnownFileType = sourcecode.swift; path = AppDelegate.swift; sourceTree = "<group>"; };
		57B465C81DBA0EA200A90A1E /* ViewController.swift */ = {isa = PBXFileReference; lastKnownFileType = sourcecode.swift; path = ViewController.swift; sourceTree = "<group>"; };
		57B465CB1DBA0EA200A90A1E /* Base */ = {isa = PBXFileReference; lastKnownFileType = file.storyboard; name = Base; path = Base.lproj/Main.storyboard; sourceTree = "<group>"; };
		57B465CD1DBA0EA200A90A1E /* Assets.xcassets */ = {isa = PBXFileReference; lastKnownFileType = folder.assetcatalog; path = Assets.xcassets; sourceTree = "<group>"; };
		57B465D01DBA0EA200A90A1E /* Base */ = {isa = PBXFileReference; lastKnownFileType = file.storyboard; name = Base; path = Base.lproj/LaunchScreen.storyboard; sourceTree = "<group>"; };
		57B465D21DBA0EA200A90A1E /* Info.plist */ = {isa = PBXFileReference; lastKnownFileType = text.plist.xml; path = Info.plist; sourceTree = "<group>"; };
/* End PBXFileReference section */

/* Begin PBXFrameworksBuildPhase section */
		57B465C01DBA0EA200A90A1E /* Frameworks */ = {
			isa = PBXFrameworksBuildPhase;
			buildActionMask = 2147483647;
			files = (
			);
			runOnlyForDeploymentPostprocessing = 0;
		};
/* End PBXFrameworksBuildPhase section */

/* Begin PBXGroup section */
		57B465BA1DBA0EA200A90A1E = {
			isa = PBXGroup;
			children = (
				57B465C51DBA0EA200A90A1E /* Karting */,
				57B465C41DBA0EA200A90A1E /* Products */,
			);
			sourceTree = "<group>";
		};
		57B465C41DBA0EA200A90A1E /* Products */ = {
			isa = PBXGroup;
			children = (
				57B465C31DBA0EA200A90A1E /* Karting.app */,
			);
			name = Products;
			sourceTree = "<group>";
		};
		57B465C51DBA0EA200A90A1E /* Karting */ = {
			isa = PBXGroup;
			children = (
				57B465C61DBA0EA200A90A1E /* AppDelegate.swift */,
				57B465C81DBA0EA200A90A1E /* ViewController.swift */,
				57B465CA1DBA0EA200A90A1E /* Main.storyboard */,
				57B465CD1DBA0EA200A90A1E /* Assets.xcassets */,
				57B465CF1DBA0EA200A90A1E /* LaunchScreen.storyboard */,
				57B465D21DBA0EA200A90A1E /* Info.plist */,
			);
			path = Karting;
			sourceTree = "<group>";
		};
/* End PBXGroup section */

/* Begin PBXNativeTarget section */
		57B465C21DBA0EA200A90A1E /* Karting */ = {
			isa = PBXNativeTarget;
			buildConfigurationList = 57B465D51DBA0EA200A90A1E /* Build configuration list for PBXNativeTarget "Karting" */;
			buildPhases = (
				57B465BF1DBA0EA200A90A1E /* Sources */,
				57B465C01DBA0EA200A90A1E /* Frameworks */,
				57B465C11DBA0EA200A90A1E /* Resources */,
			);
			buildRules = (
			);
			dependencies = (
			);
			name = Karting;
			productName = Karting;
			productReference = 57B465C31DBA0EA200A90A1E /* Karting.app */;
			productType = "com.apple.product-type.application";
		};
/* End PBXNativeTarget section */

/* Begin PBXProject section */
		57B465BB1DBA0EA200A90A1E /* Project object */ = {
			isa = PBXProject;
			attributes = {
				LastSwiftUpdateCheck = 0800;
				LastUpgradeCheck = 0800;
				ORGANIZATIONNAME = cgua;
				TargetAttributes = {
					57B465C21DBA0EA200A90A1E = {
						CreatedOnToolsVersion = 8.0;
						DevelopmentTeam = 4QX528523R;
						ProvisioningStyle = Automatic;
					};
				};
			};
			buildConfigurationList = 57B465BE1DBA0EA200A90A1E /* Build configuration list for PBXProject "Karting" */;
			compatibilityVersion = "Xcode 3.2";
			developmentRegion = English;
			hasScannedForEncodings = 0;
			knownRegions = (
				en,
				Base,
			);
			mainGroup = 57B465BA1DBA0EA200A90A1E;
			productRefGroup = 57B465C41DBA0EA200A90A1E /* Products */;
			projectDirPath = "";
			projectRoot = "";
			targets = (
				57B465C21DBA0EA200A90A1E /* Karting */,
			);
		};
/* End PBXProject section */

/* Begin PBXResourcesBuildPhase section */
		57B465C11DBA0EA200A90A1E /* Resources */ = {
			isa = PBXResourcesBuildPhase;
			buildActionMask = 2147483647;
			files = (
				57B465D11DBA0EA200A90A1E /* LaunchScreen.storyboard in Resources */,
				57B465CE1DBA0EA200A90A1E /* Assets.xcassets in Resources */,
				57B465CC1DBA0EA200A90A1E /* Main.storyboard in Resources */,
			);
			runOnlyForDeploymentPostprocessing = 0;
		};
/* End PBXResourcesBuildPhase section */

/* Begin PBXSourcesBuildPhase section */
		57B465BF1DBA0EA200A90A1E /* Sources */ = {
			isa = PBXSourcesBuildPhase;
			buildActionMask = 2147483647;
			files = (
				57B465C91DBA0EA200A90A1E /* ViewController.swift in Sources */,
				57B465C71DBA0EA200A90A1E /* AppDelegate.swift in Sources */,
			);
			runOnlyForDeploymentPostprocessing = 0;
		};
/* End PBXSourcesBuildPhase section */

/* Begin PBXVariantGroup section */
		57B465CA1DBA0EA200A90A1E /* Main.storyboard */ = {
			isa = PBXVariantGroup;
			children = (
				57B465CB1DBA0EA200A90A1E /* Base */,
			);
			name = Main.storyboard;
			sourceTree = "<group>";
		};
		57B465CF1DBA0EA200A90A1E /* LaunchScreen.storyboard */ = {
			isa = PBXVariantGroup;
			children = (
				57B465D01DBA0EA200A90A1E /* Base */,
			);
			name = LaunchScreen.storyboard;
			sourceTree = "<group>";
		};
/* End PBXVariantGroup section */

/* Begin XCBuildConfiguration section */
		57B465D31DBA0EA200A90A1E /* Debug */ = {
			isa = XCBuildConfiguration;
			buildSettings = {
				ALWAYS_SEARCH_USER_PATHS = NO;
				CLANG_ANALYZER_NONNULL = YES;
				CLANG_CXX_LANGUAGE_STANDARD = "gnu++0x";
				CLANG_CXX_LIBRARY = "libc++";
				CLANG_ENABLE_MODULES = YES;
				CLANG_ENABLE_OBJC_ARC = YES;
				CLANG_WARN_BOOL_CONVERSION = YES;
				CLANG_WARN_CONSTANT_CONVERSION = YES;
				CLANG_WARN_DIRECT_OBJC_ISA_USAGE = YES_ERROR;
				CLANG_WARN_DOCUMENTATION_COMMENTS = YES;
				CLANG_WARN_EMPTY_BODY = YES;
				CLANG_WARN_ENUM_CONVERSION = YES;
				CLANG_WARN_INFINITE_RECURSION = YES;
				CLANG_WARN_INT_CONVERSION = YES;
				CLANG_WARN_OBJC_ROOT_CLASS = YES_ERROR;
				CLANG_WARN_SUSPICIOUS_MOVES = YES;
				CLANG_WARN_UNREACHABLE_CODE = YES;
				CLANG_WARN__DUPLICATE_METHOD_MATCH = YES;
				"CODE_SIGN_IDENTITY[sdk=iphoneos*]" = "iPhone Developer";
				COPY_PHASE_STRIP = NO;
				DEBUG_INFORMATION_FORMAT = dwarf;
				ENABLE_STRICT_OBJC_MSGSEND = YES;
				ENABLE_TESTABILITY = YES;
				GCC_C_LANGUAGE_STANDARD = gnu99;
				GCC_DYNAMIC_NO_PIC = NO;
				GCC_NO_COMMON_BLOCKS = YES;
				GCC_OPTIMIZATION_LEVEL = 0;
				GCC_PREPROCESSOR_DEFINITIONS = (
					"DEBUG=1",
					"$(inherited)",
				);
				GCC_WARN_64_TO_32_BIT_CONVERSION = YES;
				GCC_WARN_ABOUT_RETURN_TYPE = YES_ERROR;
				GCC_WARN_UNDECLARED_SELECTOR = YES;
				GCC_WARN_UNINITIALIZED_AUTOS = YES_AGGRESSIVE;
				GCC_WARN_UNUSED_FUNCTION = YES;
				GCC_WARN_UNUSED_VARIABLE = YES;
				IPHONEOS_DEPLOYMENT_TARGET = 10.0;
				MTL_ENABLE_DEBUG_INFO = YES;
				ONLY_ACTIVE_ARCH = YES;
				SDKROOT = iphoneos;
				SWIFT_ACTIVE_COMPILATION_CONDITIONS = DEBUG;
				SWIFT_OPTIMIZATION_LEVEL = "-Onone";
			};
			name = Debug;
		};
		57B465D41DBA0EA200A90A1E /* Release */ = {
			isa = XCBuildConfiguration;
			buildSettings = {
				ALWAYS_SEARCH_USER_PATHS = NO;
				CLANG_ANALYZER_NONNULL = YES;
				CLANG_CXX_LANGUAGE_STANDARD = "gnu++0x";
				CLANG_CXX_LIBRARY = "libc++";
				CLANG_ENABLE_MODULES = YES;
				CLANG_ENABLE_OBJC_ARC = YES;
				CLANG_WARN_BOOL_CONVERSION = YES;
				CLANG_WARN_CONSTANT_CONVERSION = YES;
				CLANG_WARN_DIRECT_OBJC_ISA_USAGE = YES_ERROR;
				CLANG_WARN_DOCUMENTATION_COMMENTS = YES;
				CLANG_WARN_EMPTY_BODY = YES;
				CLANG_WARN_ENUM_CONVERSION = YES;
				CLANG_WARN_INFINITE_RECURSION = YES;
				CLANG_WARN_INT_CONVERSION = YES;
				CLANG_WARN_OBJC_ROOT_CLASS = YES_ERROR;
				CLANG_WARN_SUSPICIOUS_MOVES = YES;
				CLANG_WARN_UNREACHABLE_CODE = YES;
				CLANG_WARN__DUPLICATE_METHOD_MATCH = YES;
				"CODE_SIGN_IDENTITY[sdk=iphoneos*]" = "iPhone Developer";
				COPY_PHASE_STRIP = NO;
				DEBUG_INFORMATION_FORMAT = "dwarf-with-dsym";
				ENABLE_NS_ASSERTIONS = NO;
				ENABLE_STRICT_OBJC_MSGSEND = YES;
				GCC_C_LANGUAGE_STANDARD = gnu99;
				GCC_NO_COMMON_BLOCKS = YES;
				GCC_WARN_64_TO_32_BIT_CONVERSION = YES;
				GCC_WARN_ABOUT_RETURN_TYPE = YES_ERROR;
				GCC_WARN_UNDECLARED_SELECTOR = YES;
				GCC_WARN_UNINITIALIZED_AUTOS = YES_AGGRESSIVE;
				GCC_WARN_UNUSED_FUNCTION = YES;
				GCC_WARN_UNUSED_VARIABLE = YES;
				IPHONEOS_DEPLOYMENT_TARGET = 10.0;
				MTL_ENABLE_DEBUG_INFO = NO;
				SDKROOT = iphoneos;
				SWIFT_OPTIMIZATION_LEVEL = "-Owholemodule";
				VALIDATE_PRODUCT = YES;
			};
			name = Release;
		};
		57B465D61DBA0EA200A90A1E /* Debug */ = {
			isa = XCBuildConfiguration;
			buildSettings = {
				ASSETCATALOG_COMPILER_APPICON_NAME = AppIcon;
				DEVELOPMENT_TEAM = 4QX528523R;
				INFOPLIST_FILE = Karting/Info.plist;
				LD_RUNPATH_SEARCH_PATHS = "$(inherited) @executable_path/Frameworks";
				PRODUCT_BUNDLE_IDENTIFIER = tech.cgua.Karting;
				PRODUCT_NAME = "$(TARGET_NAME)";
				SWIFT_VERSION = 3.0;
			};
			name = Debug;
		};
		57B465D71DBA0EA200A90A1E /* Release */ = {
			isa = XCBuildConfiguration;
			buildSettings = {
				ASSETCATALOG_COMPILER_APPICON_NAME = AppIcon;
				DEVELOPMENT_TEAM = 4QX528523R;
				INFOPLIST_FILE = Karting/Info.plist;
				LD_RUNPATH_SEARCH_PATHS = "$(inherited) @executable_path/Frameworks";
				PRODUCT_BUNDLE_IDENTIFIER = tech.cgua.Karting;
				PRODUCT_NAME = "$(TARGET_NAME)";
				SWIFT_VERSION = 3.0;
			};
			name = Release;
		};
/* End XCBuildConfiguration section */

/* Begin XCConfigurationList section */
		57B465BE1DBA0EA200A90A1E /* Build configuration list for PBXProject "Karting" */ = {
			isa = XCConfigurationList;
			buildConfigurations = (
				57B465D31DBA0EA200A90A1E /* Debug */,
				57B465D41DBA0EA200A90A1E /* Release */,
			);
			defaultConfigurationIsVisible = 0;
			defaultConfigurationName = Release;
		};
		57B465D51DBA0EA200A90A1E /* Build configuration list for PBXNativeTarget "Karting" */ = {
			isa = XCConfigurationList;
			buildConfigurations = (
				57B465D61DBA0EA200A90A1E /* Debug */,
				57B465D71DBA0EA200A90A1E /* Release */,
			);
			defaultConfigurationIsVisible = 0;
		};
/* End XCConfigurationList section */
	};
	rootObject = 57B465BB1DBA0EA200A90A1E /* Project object */;
}
